
Microsoft Visual Studio Solution File, Format Version 12.00
# Visual Studio Version 17
VisualStudioVersion = 17.2.32630.192
MinimumVisualStudioVersion = 10.0.40219.1
Project("{FAE04EC0-301F-11D3-BF4B-00C04F79EFBC}") = "testeLogica", "testeLogica\testeLogica.csproj", "{0B720265-EDC5-42EF-9E73-7D06EA65D8AF}"
EndProject
Global
	GlobalSection(SolutionConfigurationPlatforms) = preSolution
		Debug|Any CPU = Debug|Any CPU
		Release|Any CPU = Release|Any CPU
	EndGlobalSection
	GlobalSection(ProjectConfigurationPlatforms) = postSolution
		{0B720265-EDC5-42EF-9E73-7D06EA65D8AF}.Debug|Any CPU.ActiveCfg = Debug|Any CPU
		{0B720265-EDC5-42EF-9E73-7D06EA65D8AF}.Debug|Any CPU.Build.0 = Debug|Any CPU
		{0B720265-EDC5-42EF-9E73-7D06EA65D8AF}.Release|Any CPU.ActiveCfg = Release|Any CPU
		{0B720265-EDC5-42EF-9E73-7D06EA65D8AF}.Release|Any CPU.Build.0 = Release|Any CPU
	EndGlobalSection
	GlobalSection(SolutionProperties) = preSolution
		HideSolutionNode = FALSE
	EndGlobalSection
	GlobalSection(ExtensibilityGlobals) = postSolution
		SolutionGuid = {40C16AF6-5E49-4D86-9AE5-438B62F3FA1A}
	EndGlobalSection
EndGlobal
